// !$*UTF8*$!
{
	archiveVersion = 1;
	classes = {
	};
	objectVersion = 56;
	objects = {

/* Begin PBXBuildFile section */
		57521FD92B97D94900280B4B /* AppDelegate.swift in Sources */ = {isa = PBXBuildFile; fileRef = 57521FD82B97D94900280B4B /* AppDelegate.swift */; };
		57521FDB2B97D94900280B4B /* SceneDelegate.swift in Sources */ = {isa = PBXBuildFile; fileRef = 57521FDA2B97D94900280B4B /* SceneDelegate.swift */; };
		57521FDD2B97D94900280B4B /* WeatherViewController.swift in Sources */ = {isa = PBXBuildFile; fileRef = 57521FDC2B97D94900280B4B /* WeatherViewController.swift */; };
		57521FE22B97D94A00280B4B /* Assets.xcassets in Resources */ = {isa = PBXBuildFile; fileRef = 57521FE12B97D94A00280B4B /* Assets.xcassets */; };
		57521FED2B97D97D00280B4B /* WeatherViewModel.swift in Sources */ = {isa = PBXBuildFile; fileRef = 57521FEC2B97D97D00280B4B /* WeatherViewModel.swift */; };
		57521FF02B97DD1400280B4B /* SnapKit in Frameworks */ = {isa = PBXBuildFile; productRef = 57521FEF2B97DD1400280B4B /* SnapKit */; };
		57521FF22B97DD1400280B4B /* SnapKit-Dynamic in Frameworks */ = {isa = PBXBuildFile; productRef = 57521FF12B97DD1400280B4B /* SnapKit-Dynamic */; };
		57521FF42B9810B400280B4B /* CurrentWeather.swift in Sources */ = {isa = PBXBuildFile; fileRef = 57521FF32B9810B400280B4B /* CurrentWeather.swift */; };
		57521FF62B981AF200280B4B /* UIImageView+Extension.swift in Sources */ = {isa = PBXBuildFile; fileRef = 57521FF52B981AF200280B4B /* UIImageView+Extension.swift */; };
		57521FF82B98220500280B4B /* ConfigurationProvider.swift in Sources */ = {isa = PBXBuildFile; fileRef = 57521FF72B98220500280B4B /* ConfigurationProvider.swift */; };
/* End PBXBuildFile section */

/* Begin PBXFileReference section */
		57521FD52B97D94900280B4B /* weather-app-imgur.app */ = {isa = PBXFileReference; explicitFileType = wrapper.application; includeInIndex = 0; path = "weather-app-imgur.app"; sourceTree = BUILT_PRODUCTS_DIR; };
		57521FD82B97D94900280B4B /* AppDelegate.swift */ = {isa = PBXFileReference; lastKnownFileType = sourcecode.swift; path = AppDelegate.swift; sourceTree = "<group>"; };
		57521FDA2B97D94900280B4B /* SceneDelegate.swift */ = {isa = PBXFileReference; lastKnownFileType = sourcecode.swift; path = SceneDelegate.swift; sourceTree = "<group>"; };
		57521FDC2B97D94900280B4B /* WeatherViewController.swift */ = {isa = PBXFileReference; lastKnownFileType = sourcecode.swift; path = WeatherViewController.swift; sourceTree = "<group>"; };
		57521FE12B97D94A00280B4B /* Assets.xcassets */ = {isa = PBXFileReference; lastKnownFileType = folder.assetcatalog; path = Assets.xcassets; sourceTree = "<group>"; };
		57521FE62B97D94A00280B4B /* Info.plist */ = {isa = PBXFileReference; lastKnownFileType = text.plist.xml; path = Info.plist; sourceTree = "<group>"; };
		57521FEC2B97D97D00280B4B /* WeatherViewModel.swift */ = {isa = PBXFileReference; lastKnownFileType = sourcecode.swift; path = WeatherViewModel.swift; sourceTree = "<group>"; };
		57521FF32B9810B400280B4B /* CurrentWeather.swift */ = {isa = PBXFileReference; lastKnownFileType = sourcecode.swift; path = CurrentWeather.swift; sourceTree = "<group>"; };
		57521FF52B981AF200280B4B /* UIImageView+Extension.swift */ = {isa = PBXFileReference; lastKnownFileType = sourcecode.swift; path = "UIImageView+Extension.swift"; sourceTree = "<group>"; };
		57521FF72B98220500280B4B /* ConfigurationProvider.swift */ = {isa = PBXFileReference; lastKnownFileType = sourcecode.swift; path = ConfigurationProvider.swift; sourceTree = "<group>"; };
/* End PBXFileReference section */

/* Begin PBXFrameworksBuildPhase section */
		57521FD22B97D94900280B4B /* Frameworks */ = {
			isa = PBXFrameworksBuildPhase;
			buildActionMask = 2147483647;
			files = (
				57521FF02B97DD1400280B4B /* SnapKit in Frameworks */,
				57521FF22B97DD1400280B4B /* SnapKit-Dynamic in Frameworks */,
			);
			runOnlyForDeploymentPostprocessing = 0;
		};
/* End PBXFrameworksBuildPhase section */

/* Begin PBXGroup section */
		57521FCC2B97D94900280B4B = {
			isa = PBXGroup;
			children = (
				57521FD72B97D94900280B4B /* weather-app-imgur */,
				57521FD62B97D94900280B4B /* Products */,
			);
			sourceTree = "<group>";
		};
		57521FD62B97D94900280B4B /* Products */ = {
			isa = PBXGroup;
			children = (
				57521FD52B97D94900280B4B /* weather-app-imgur.app */,
			);
			name = Products;
			sourceTree = "<group>";
		};
		57521FD72B97D94900280B4B /* weather-app-imgur */ = {
			isa = PBXGroup;
			children = (
				57521FD82B97D94900280B4B /* AppDelegate.swift */,
				57521FDA2B97D94900280B4B /* SceneDelegate.swift */,
				57521FFB2B98224E00280B4B /* Config */,
				57521FFA2B98223C00280B4B /* Extensions */,
				57521FF92B98220F00280B4B /* WeatherView */,
				57521FE12B97D94A00280B4B /* Assets.xcassets */,
				57521FE62B97D94A00280B4B /* Info.plist */,
			);
			path = "weather-app-imgur";
			sourceTree = "<group>";
		};
		57521FF92B98220F00280B4B /* WeatherView */ = {
			isa = PBXGroup;
			children = (
				57521FDC2B97D94900280B4B /* WeatherViewController.swift */,
				57521FEC2B97D97D00280B4B /* WeatherViewModel.swift */,
				57521FF32B9810B400280B4B /* CurrentWeather.swift */,
			);
			path = WeatherView;
			sourceTree = "<group>";
		};
		57521FFA2B98223C00280B4B /* Extensions */ = {
			isa = PBXGroup;
			children = (
				57521FF52B981AF200280B4B /* UIImageView+Extension.swift */,
			);
			path = Extensions;
			sourceTree = "<group>";
		};
		57521FFB2B98224E00280B4B /* Config */ = {
			isa = PBXGroup;
			children = (
				57521FF72B98220500280B4B /* ConfigurationProvider.swift */,
			);
			path = Config;
			sourceTree = "<group>";
		};
/* End PBXGroup section */

/* Begin PBXNativeTarget section */
		57521FD42B97D94900280B4B /* weather-app-imgur */ = {
			isa = PBXNativeTarget;
			buildConfigurationList = 57521FE92B97D94A00280B4B /* Build configuration list for PBXNativeTarget "weather-app-imgur" */;
			buildPhases = (
				57521FD12B97D94900280B4B /* Sources */,
				57521FD22B97D94900280B4B /* Frameworks */,
				57521FD32B97D94900280B4B /* Resources */,
			);
			buildRules = (
			);
			dependencies = (
			);
			name = "weather-app-imgur";
			packageProductDependencies = (
				57521FEF2B97DD1400280B4B /* SnapKit */,
				57521FF12B97DD1400280B4B /* SnapKit-Dynamic */,
			);
			productName = "weather-app-imgur";
			productReference = 57521FD52B97D94900280B4B /* weather-app-imgur.app */;
			productType = "com.apple.product-type.application";
		};
/* End PBXNativeTarget section */

/* Begin PBXProject section */
		57521FCD2B97D94900280B4B /* Project object */ = {
			isa = PBXProject;
			attributes = {
				BuildIndependentTargetsInParallel = 1;
				LastSwiftUpdateCheck = 1520;
				LastUpgradeCheck = 1520;
				TargetAttributes = {
					57521FD42B97D94900280B4B = {
						CreatedOnToolsVersion = 15.2;
					};
				};
			};
			buildConfigurationList = 57521FD02B97D94900280B4B /* Build configuration list for PBXProject "weather-app-imgur" */;
			compatibilityVersion = "Xcode 14.0";
			developmentRegion = en;
			hasScannedForEncodings = 0;
			knownRegions = (
				en,
				Base,
			);
			mainGroup = 57521FCC2B97D94900280B4B;
			packageReferences = (
				57521FEE2B97DD1400280B4B /* XCRemoteSwiftPackageReference "SnapKit" */,
			);
			productRefGroup = 57521FD62B97D94900280B4B /* Products */;
			projectDirPath = "";
			projectRoot = "";
			targets = (
				57521FD42B97D94900280B4B /* weather-app-imgur */,
			);
		};
/* End PBXProject section */

/* Begin PBXResourcesBuildPhase section */
		57521FD32B97D94900280B4B /* Resources */ = {
			isa = PBXResourcesBuildPhase;
			buildActionMask = 2147483647;
			files = (
				57521FE22B97D94A00280B4B /* Assets.xcassets in Resources */,
			);
			runOnlyForDeploymentPostprocessing = 0;
		};
/* End PBXResourcesBuildPhase section */

/* Begin PBXSourcesBuildPhase section */
		57521FD12B97D94900280B4B /* Sources */ = {
			isa = PBXSourcesBuildPhase;
			buildActionMask = 2147483647;
			files = (
				57521FF62B981AF200280B4B /* UIImageView+Extension.swift in Sources */,
				57521FDD2B97D94900280B4B /* WeatherViewController.swift in Sources */,
				57521FF82B98220500280B4B /* ConfigurationProvider.swift in Sources */,
				57521FD92B97D94900280B4B /* AppDelegate.swift in Sources */,
				57521FED2B97D97D00280B4B /* WeatherViewModel.swift in Sources */,
				57521FDB2B97D94900280B4B /* SceneDelegate.swift in Sources */,
				57521FF42B9810B400280B4B /* CurrentWeather.swift in Sources */,
			);
			runOnlyForDeploymentPostprocessing = 0;
		};
/* End PBXSourcesBuildPhase section */

/* Begin XCBuildConfiguration section */
		57521FE72B97D94A00280B4B /* Debug */ = {
			isa = XCBuildConfiguration;
			buildSettings = {
				ALWAYS_SEARCH_USER_PATHS = NO;
				ASSETCATALOG_COMPILER_GENERATE_SWIFT_ASSET_SYMBOL_EXTENSIONS = YES;
				CLANG_ANALYZER_NONNULL = YES;
				CLANG_ANALYZER_NUMBER_OBJECT_CONVERSION = YES_AGGRESSIVE;
				CLANG_CXX_LANGUAGE_STANDARD = "gnu++20";
				CLANG_ENABLE_MODULES = YES;
				CLANG_ENABLE_OBJC_ARC = YES;
				CLANG_ENABLE_OBJC_WEAK = YES;
				CLANG_WARN_BLOCK_CAPTURE_AUTORELEASING = YES;
				CLANG_WARN_BOOL_CONVERSION = YES;
				CLANG_WARN_COMMA = YES;
				CLANG_WARN_CONSTANT_CONVERSION = YES;
				CLANG_WARN_DEPRECATED_OBJC_IMPLEMENTATIONS = YES;
				CLANG_WARN_DIRECT_OBJC_ISA_USAGE = YES_ERROR;
				CLANG_WARN_DOCUMENTATION_COMMENTS = YES;
				CLANG_WARN_EMPTY_BODY = YES;
				CLANG_WARN_ENUM_CONVERSION = YES;
				CLANG_WARN_INFINITE_RECURSION = YES;
				CLANG_WARN_INT_CONVERSION = YES;
				CLANG_WARN_NON_LITERAL_NULL_CONVERSION = YES;
				CLANG_WARN_OBJC_IMPLICIT_RETAIN_SELF = YES;
				CLANG_WARN_OBJC_LITERAL_CONVERSION = YES;
				CLANG_WARN_OBJC_ROOT_CLASS = YES_ERROR;
				CLANG_WARN_QUOTED_INCLUDE_IN_FRAMEWORK_HEADER = YES;
				CLANG_WARN_RANGE_LOOP_ANALYSIS = YES;
				CLANG_WARN_STRICT_PROTOTYPES = YES;
				CLANG_WARN_SUSPICIOUS_MOVE = YES;
				CLANG_WARN_UNGUARDED_AVAILABILITY = YES_AGGRESSIVE;
				CLANG_WARN_UNREACHABLE_CODE = YES;
				CLANG_WARN__DUPLICATE_METHOD_MATCH = YES;
				COPY_PHASE_STRIP = NO;
				DEBUG_INFORMATION_FORMAT = dwarf;
				ENABLE_STRICT_OBJC_MSGSEND = YES;
				ENABLE_TESTABILITY = YES;
				ENABLE_USER_SCRIPT_SANDBOXING = YES;
				GCC_C_LANGUAGE_STANDARD = gnu17;
				GCC_DYNAMIC_NO_PIC = NO;
				GCC_NO_COMMON_BLOCKS = YES;
				GCC_OPTIMIZATION_LEVEL = 0;
				GCC_PREPROCESSOR_DEFINITIONS = (
					"DEBUG=1",
					"$(inherited)",
				);
				GCC_WARN_64_TO_32_BIT_CONVERSION = YES;
				GCC_WARN_ABOUT_RETURN_TYPE = YES_ERROR;
				GCC_WARN_UNDECLARED_SELECTOR = YES;
				GCC_WARN_UNINITIALIZED_AUTOS = YES_AGGRESSIVE;
				GCC_WARN_UNUSED_FUNCTION = YES;
				GCC_WARN_UNUSED_VARIABLE = YES;
				IPHONEOS_DEPLOYMENT_TARGET = 17.2;
				LOCALIZATION_PREFERS_STRING_CATALOGS = YES;
				MTL_ENABLE_DEBUG_INFO = INCLUDE_SOURCE;
				MTL_FAST_MATH = YES;
				ONLY_ACTIVE_ARCH = YES;
				SDKROOT = iphoneos;
				SWIFT_ACTIVE_COMPILATION_CONDITIONS = "DEBUG $(inherited)";
				SWIFT_OPTIMIZATION_LEVEL = "-Onone";
			};
			name = Debug;
		};
		57521FE82B97D94A00280B4B /* Release */ = {
			isa = XCBuildConfiguration;
			buildSettings = {
				ALWAYS_SEARCH_USER_PATHS = NO;
				ASSETCATALOG_COMPILER_GENERATE_SWIFT_ASSET_SYMBOL_EXTENSIONS = YES;
				CLANG_ANALYZER_NONNULL = YES;
				CLANG_ANALYZER_NUMBER_OBJECT_CONVERSION = YES_AGGRESSIVE;
				CLANG_CXX_LANGUAGE_STANDARD = "gnu++20";
				CLANG_ENABLE_MODULES = YES;
				CLANG_ENABLE_OBJC_ARC = YES;
				CLANG_ENABLE_OBJC_WEAK = YES;
				CLANG_WARN_BLOCK_CAPTURE_AUTORELEASING = YES;
				CLANG_WARN_BOOL_CONVERSION = YES;
				CLANG_WARN_COMMA = YES;
				CLANG_WARN_CONSTANT_CONVERSION = YES;
				CLANG_WARN_DEPRECATED_OBJC_IMPLEMENTATIONS = YES;
				CLANG_WARN_DIRECT_OBJC_ISA_USAGE = YES_ERROR;
				CLANG_WARN_DOCUMENTATION_COMMENTS = YES;
				CLANG_WARN_EMPTY_BODY = YES;
				CLANG_WARN_ENUM_CONVERSION = YES;
				CLANG_WARN_INFINITE_RECURSION = YES;
				CLANG_WARN_INT_CONVERSION = YES;
				CLANG_WARN_NON_LITERAL_NULL_CONVERSION = YES;
				CLANG_WARN_OBJC_IMPLICIT_RETAIN_SELF = YES;
				CLANG_WARN_OBJC_LITERAL_CONVERSION = YES;
				CLANG_WARN_OBJC_ROOT_CLASS = YES_ERROR;
				CLANG_WARN_QUOTED_INCLUDE_IN_FRAMEWORK_HEADER = YES;
				CLANG_WARN_RANGE_LOOP_ANALYSIS = YES;
				CLANG_WARN_STRICT_PROTOTYPES = YES;
				CLANG_WARN_SUSPICIOUS_MOVE = YES;
				CLANG_WARN_UNGUARDED_AVAILABILITY = YES_AGGRESSIVE;
				CLANG_WARN_UNREACHABLE_CODE = YES;
				CLANG_WARN__DUPLICATE_METHOD_MATCH = YES;
				COPY_PHASE_STRIP = NO;
				DEBUG_INFORMATION_FORMAT = "dwarf-with-dsym";
				ENABLE_NS_ASSERTIONS = NO;
				ENABLE_STRICT_OBJC_MSGSEND = YES;
				ENABLE_USER_SCRIPT_SANDBOXING = YES;
				GCC_C_LANGUAGE_STANDARD = gnu17;
				GCC_NO_COMMON_BLOCKS = YES;
				GCC_WARN_64_TO_32_BIT_CONVERSION = YES;
				GCC_WARN_ABOUT_RETURN_TYPE = YES_ERROR;
				GCC_WARN_UNDECLARED_SELECTOR = YES;
				GCC_WARN_UNINITIALIZED_AUTOS = YES_AGGRESSIVE;
				GCC_WARN_UNUSED_FUNCTION = YES;
				GCC_WARN_UNUSED_VARIABLE = YES;
				IPHONEOS_DEPLOYMENT_TARGET = 17.2;
				LOCALIZATION_PREFERS_STRING_CATALOGS = YES;
				MTL_ENABLE_DEBUG_INFO = NO;
				MTL_FAST_MATH = YES;
				SDKROOT = iphoneos;
				SWIFT_COMPILATION_MODE = wholemodule;
				VALIDATE_PRODUCT = YES;
			};
			name = Release;
		};
		57521FEA2B97D94A00280B4B /* Debug */ = {
			isa = XCBuildConfiguration;
			buildSettings = {
				ASSETCATALOG_COMPILER_APPICON_NAME = AppIcon;
				ASSETCATALOG_COMPILER_GLOBAL_ACCENT_COLOR_NAME = AccentColor;
				CODE_SIGN_STYLE = Automatic;
				CURRENT_PROJECT_VERSION = 1;
				DEVELOPMENT_TEAM = B8V5WGN4V6;
				GENERATE_INFOPLIST_FILE = YES;
				INFOPLIST_FILE = "weather-app-imgur/Info.plist";
				INFOPLIST_KEY_UIApplicationSupportsIndirectInputEvents = YES;
				INFOPLIST_KEY_UILaunchStoryboardName = LaunchScreen;
				INFOPLIST_KEY_UISupportedInterfaceOrientations_iPad = "UIInterfaceOrientationPortrait UIInterfaceOrientationPortraitUpsideDown UIInterfaceOrientationLandscapeLeft UIInterfaceOrientationLandscapeRight";
				INFOPLIST_KEY_UISupportedInterfaceOrientations_iPhone = "UIInterfaceOrientationPortrait UIInterfaceOrientationLandscapeLeft UIInterfaceOrientationLandscapeRight";
				LD_RUNPATH_SEARCH_PATHS = (
					"$(inherited)",
					"@executable_path/Frameworks",
				);
				MARKETING_VERSION = 1.0;
				PRODUCT_BUNDLE_IDENTIFIER = "io.aravas.weather-app-imgur";
				PRODUCT_NAME = "$(TARGET_NAME)";
				SWIFT_EMIT_LOC_STRINGS = YES;
				SWIFT_VERSION = 5.0;
				TARGETED_DEVICE_FAMILY = "1,2";
			};
			name = Debug;
		};
		57521FEB2B97D94A00280B4B /* Release */ = {
			isa = XCBuildConfiguration;
			buildSettings = {
				ASSETCATALOG_COMPILER_APPICON_NAME = AppIcon;
				ASSETCATALOG_COMPILER_GLOBAL_ACCENT_COLOR_NAME = AccentColor;
				CODE_SIGN_STYLE = Automatic;
				CURRENT_PROJECT_VERSION = 1;
				DEVELOPMENT_TEAM = B8V5WGN4V6;
				GENERATE_INFOPLIST_FILE = YES;
				INFOPLIST_FILE = "weather-app-imgur/Info.plist";
				INFOPLIST_KEY_UIApplicationSupportsIndirectInputEvents = YES;
				INFOPLIST_KEY_UILaunchStoryboardName = LaunchScreen;
				INFOPLIST_KEY_UISupportedInterfaceOrientations_iPad = "UIInterfaceOrientationPortrait UIInterfaceOrientationPortraitUpsideDown UIInterfaceOrientationLandscapeLeft UIInterfaceOrientationLandscapeRight";
				INFOPLIST_KEY_UISupportedInterfaceOrientations_iPhone = "UIInterfaceOrientationPortrait UIInterfaceOrientationLandscapeLeft UIInterfaceOrientationLandscapeRight";
				LD_RUNPATH_SEARCH_PATHS = (
					"$(inherited)",
					"@executable_path/Frameworks",
				);
				MARKETING_VERSION = 1.0;
				PRODUCT_BUNDLE_IDENTIFIER = "io.aravas.weather-app-imgur";
				PRODUCT_NAME = "$(TARGET_NAME)";
				SWIFT_EMIT_LOC_STRINGS = YES;
				SWIFT_VERSION = 5.0;
				TARGETED_DEVICE_FAMILY = "1,2";
			};
			name = Release;
		};
/* End XCBuildConfiguration section */

/* Begin XCConfigurationList section */
		57521FD02B97D94900280B4B /* Build configuration list for PBXProject "weather-app-imgur" */ = {
			isa = XCConfigurationList;
			buildConfigurations = (
				57521FE72B97D94A00280B4B /* Debug */,
				57521FE82B97D94A00280B4B /* Release */,
			);
			defaultConfigurationIsVisible = 0;
			defaultConfigurationName = Release;
		};
		57521FE92B97D94A00280B4B /* Build configuration list for PBXNativeTarget "weather-app-imgur" */ = {
			isa = XCConfigurationList;
			buildConfigurations = (
				57521FEA2B97D94A00280B4B /* Debug */,
				57521FEB2B97D94A00280B4B /* Release */,
			);
			defaultConfigurationIsVisible = 0;
			defaultConfigurationName = Release;
		};
/* End XCConfigurationList section */

/* Begin XCRemoteSwiftPackageReference section */
		57521FEE2B97DD1400280B4B /* XCRemoteSwiftPackageReference "SnapKit" */ = {
			isa = XCRemoteSwiftPackageReference;
			repositoryURL = "https://github.com/SnapKit/SnapKit.git";
			requirement = {
				kind = upToNextMajorVersion;
				minimumVersion = 5.7.1;
			};
		};
/* End XCRemoteSwiftPackageReference section */

/* Begin XCSwiftPackageProductDependency section */
		57521FEF2B97DD1400280B4B /* SnapKit */ = {
			isa = XCSwiftPackageProductDependency;
			package = 57521FEE2B97DD1400280B4B /* XCRemoteSwiftPackageReference "SnapKit" */;
			productName = SnapKit;
		};
		57521FF12B97DD1400280B4B /* SnapKit-Dynamic */ = {
			isa = XCSwiftPackageProductDependency;
			package = 57521FEE2B97DD1400280B4B /* XCRemoteSwiftPackageReference "SnapKit" */;
			productName = "SnapKit-Dynamic";
		};
/* End XCSwiftPackageProductDependency section */
	};
	rootObject = 57521FCD2B97D94900280B4B /* Project object */;
}
